hash: e3b0c44298fc1c149afbf4c8996fb92427ae41e4649b934ca495991b7852b855
updated: 2016-01-15T16:02:42.558311109-08:00
imports:
- name: code.google.com/p/go-uuid
  version: 35bc42037350
  subpackages:
  - uuid
- name: github.com/coreos/go-etcd
  version: c904d7032a70da6551c43929f199244f6a45f4c1
  subpackages:
  - /etcd
- name: github.com/deis/pkg
  version: 09ab3eb029a68c60e671e86f7864a7cc057224c4
  subpackages:
  - /time
- name: github.com/gorilla/context
  version: 14f550f51af52180c2eefed15e5fd18d63c0a64a
- name: github.com/gorilla/mux
  version: e444e69cbd2e2e3e0749a2f3c717cec491552bbf
- name: github.com/kelseyhightower/envconfig
  version: 12c18e8343f6eb5fc3a9d5c8dc353e42e6bb40b9
- name: github.com/labstack/gommon
  version: 413ca04f46b29aabc8e7ce369d26c0e97dd21101
- name: github.com/Masterminds/cookoo
  version: 110a04ff7dc3e7c9b86c1a2413906a16a2bb65cb
  subpackages:
  - /log
  - /safely
  - /fmt
- name: golang.org/x/crypto
  version: f7445b17d61953e333441674c2d11e91ae4559d3
  subpackages:
  - /ssh
- name: gopkg.in/yaml.v2
  version: eca94c41d994ae2215d455ce578ae6e2dc6ee516
devImports: []
