hash: 9df32a50888e0f5657e579c16497a627e75ec3a72b4ac59ed8df0910aeed8a94
updated: 2016-06-14T14:13:11.935549861-06:00
imports:
- name: bitbucket.org/ww/goautoneg
  version: 75cd24fc2f2c
- name: github.com/arschles/assert
  version: 6882f85ccdc7c1822b146d1a6b0c2c48f91b5140
- name: github.com/aws/aws-sdk-go
  version: 49c3892b61af1d4996292a3025f36e4dfa25eaee
  subpackages:
  - aws
  - aws/awserr
  - aws/awsutil
  - aws/client
  - aws/client/metadata
  - aws/corehandlers
  - aws/credentials
  - aws/credentials/ec2rolecreds
  - aws/defaults
  - aws/ec2metadata
  - aws/request
  - aws/session
  - private/endpoints
  - private/protocol
  - private/protocol/query
  - private/protocol/query/queryutil
  - private/protocol/rest
  - private/protocol/restxml
  - private/protocol/xml/xmlutil
  - private/signer/v4
  - private/waiter
  - service/cloudfront/sign
  - service/s3
- name: github.com/Azure/azure-sdk-for-go
  version: 95361a2573b1fa92a00c5fc2707a80308483c6f9
  subpackages:
  - storage
- name: github.com/beorn7/perks
  version: b965b613227fddccbfffe13eae360ed3fa822f8d
  subpackages:
  - quantile
- name: github.com/blang/semver
  version: 31b736133b98f26d5e078ec9eb591666edfd091f
- name: github.com/codegangsta/cli
  version: a65b733b303f0055f8d324d805f393cd3e7a7904
- name: github.com/davecgh/go-spew
  version: 3e6e67c4dcea3ac2f25fd4731abc0e1deaf36216
  subpackages:
  - spew
- name: github.com/deis/pkg
  version: 189ed6bd6b6aa6629b72c2c5472095e176eec8a6
  subpackages:
  - time
  - log
  - prettyprint
- name: github.com/docker/distribution
  version: 0afef00d5764404d70f86076f364551657d51de6
  repo: https://github.com/deis/distribution
  vcs: git
  subpackages:
  - registry/storage/driver
  - registry/storage/driver/azure
  - registry/storage/driver/factory
  - registry/storage/driver/gcs
  - registry/storage/driver/s3-aws
  - registry/storage/driver/swift
  - context
  - registry/storage/driver/base
  - registry/client/transport
  - version
  - uuid
- name: github.com/docker/docker
  version: 0f5c9d301b9b1cca66b3ea0f9dec3b5317d3686d
  subpackages:
  - pkg/jsonmessage
  - pkg/mount
  - pkg/parsers
  - pkg/symlink
  - pkg/term
  - pkg/timeutils
  - pkg/units
- name: github.com/docker/go-units
  version: 0bbddae09c5a5419a8c6dcdd7ff90da3d450393b
- name: github.com/emicklei/go-restful
  version: 777bb3f19bcafe2575ffb2a3e46af92509ae9594
  subpackages:
  - swagger
  - log
- name: github.com/ghodss/yaml
  version: 73d445a93680fa1a78ae23a5839bad48f32ba1ee
- name: github.com/go-ini/ini
  version: afbd495e5aaea13597b5e14fe514ddeaa4d76fc3
- name: github.com/golang/glog
  version: 44145f04b68cf362d9c4df2182967c2275eaefed
- name: github.com/golang/protobuf
  version: 8d92cf5fc15a4382f8964b08e1f42a75c0591aa3
  subpackages:
  - proto
- name: github.com/google/cadvisor
  version: 546a3771589bdb356777c646c6eca24914fdd48b
  subpackages:
  - api
  - cache/memory
  - collector
  - container
  - events
  - fs
  - healthz
  - http
  - info/v1
  - info/v2
  - manager
  - metrics
  - pages
  - storage
  - summary
  - utils
  - validate
  - version
- name: github.com/google/gofuzz
  version: bbcb9da2d746f8bdbd6a936686a0a6067ada0ec5
- name: github.com/gorilla/context
  version: 14f550f51af52180c2eefed15e5fd18d63c0a64a
- name: github.com/gorilla/mux
  version: e444e69cbd2e2e3e0749a2f3c717cec491552bbf
- name: github.com/jmespath/go-jmespath
  version: 0b12d6b521d83fc7f755e7cfc1b1fbdd35a01a74
- name: github.com/juju/ratelimit
  version: 77ed1c8a01217656d2080ad51981f6e99adaa177
- name: github.com/kelseyhightower/envconfig
  version: 91921eb4cf999321cdbeebdba5a03555800d493b
- name: github.com/matttproud/golang_protobuf_extensions
  version: fc2b8d3a73c4867e51861bbdd5ae3c1f0869dd6a
  subpackages:
  - pbutil
- name: github.com/mitchellh/mapstructure
  version: 482a9fd5fa83e8c4e7817413b80f3eb8feec03ef
- name: github.com/ncw/swift
  version: c54732e87b0b283d1baf0a18db689d0aea460ba3
  subpackages:
  - swifttest
- name: github.com/opencontainers/runc
  version: 7ca2aa4873aea7cb4265b1726acb24b90d8726c6
  subpackages:
  - libcontainer
  - libcontainer/cgroups/fs
  - libcontainer/configs
  - libcontainer/cgroups
  - libcontainer/system
- name: github.com/pborman/uuid
  version: c55201b036063326c5b1b89ccfe45a184973d073
- name: github.com/prometheus/client_golang
  version: 3b78d7a77f51ccbc364d4bc170920153022cfd08
  subpackages:
  - prometheus
- name: github.com/prometheus/client_model
  version: fa8ad6fec33561be4280a8f0514318c79d7f6cb6
  subpackages:
  - go
- name: github.com/prometheus/common
  version: ef7a9a5fb138aa5d3a19988537606226869a0390
  subpackages:
  - expfmt
  - model
- name: github.com/prometheus/procfs
  version: 490cc6eb5fa45bf8a8b7b73c8bc82a8160e8531d
- name: github.com/Sirupsen/logrus
  version: 55eb11d21d2a31a3cc93838241d04800f52e823d
  subpackages:
  - formatters/logstash
- name: github.com/spf13/pflag
  version: 8e7dc108ab3a1ab6ce6d922bbaff5657b88e8e49
  repo: https://github.com/spf13/pflag
  vcs: git
- name: github.com/ugorji/go
  version: f4485b318aadd133842532f841dc205a8e339d74
  subpackages:
  - codec
- name: golang.org/x/crypto
  version: f7445b17d61953e333441674c2d11e91ae4559d3
  subpackages:
  - ssh
- name: golang.org/x/net
  version: c2528b2dd8352441850638a8bb678c2ad056fd3e
  subpackages:
  - context
  - context/ctxhttp
  - http2
  - trace
  - http2/hpack
  - internal/timeseries
- name: golang.org/x/oauth2
  version: 045497edb6234273d67dbc25da3f2ddbc4c4cacf
  subpackages:
  - google
  - internal
  - jws
  - jwt
- name: google.golang.org/api
  version: fceeaa645c4015c833842e6ed6052b2dda667079
  repo: https://code.googlesource.com/google-api-go-client
  vcs: git
  subpackages:
  - googleapi
  - storage/v1
  - googleapi/internal/uritemplates
  - gensupport
- name: google.golang.org/appengine
  version: 12d5545dc1cfa6047a286d5e853841b6471f4c19
  subpackages:
  - internal
  - internal/app_identity
  - internal/base
  - internal/datastore
  - internal/log
  - internal/modules
  - internal/remote_api
  - urlfetch
  - internal/urlfetch
- name: google.golang.org/cloud
  version: 975617b05ea8a58727e6c1a06b6161ff4185a9f2
  subpackages:
  - compute/metadata
  - internal
  - internal/opts
  - storage
- name: google.golang.org/grpc
  version: d3ddb4469d5a1b949fc7a7da7c1d6a0d1b6de994
  subpackages:
  - codes
  - credentials
  - grpclog
  - internal
  - metadata
  - naming
  - peer
  - transport
- name: gopkg.in/yaml.v2
  version: eca94c41d994ae2215d455ce578ae6e2dc6ee516
- name: k8s.io/kubernetes
  version: 3eed1e3be6848b877ff80a93da3785d9034d0a4f
  subpackages:
  - pkg/client/unversioned
  - pkg/api
  - pkg/fields
  - pkg/labels
  - pkg/util/wait
  - pkg/client/cache
  - pkg/controller/framework
  - pkg/runtime
  - pkg/watch
  - pkg/api/errors
  - pkg/api/install
  - pkg/api/meta
  - pkg/api/unversioned
  - pkg/apimachinery/registered
  - pkg/apis/authorization/install
  - pkg/apis/autoscaling
  - pkg/apis/autoscaling/install
  - pkg/apis/batch
  - pkg/apis/batch/install
  - pkg/apis/componentconfig/install
  - pkg/apis/extensions
  - pkg/apis/extensions/install
  - pkg/apis/metrics/install
  - pkg/client/restclient
  - pkg/client/typed/discovery
  - pkg/util/net
  - pkg/util/sets
  - pkg/version
  - pkg/api/resource
  - pkg/auth/user
  - pkg/conversion
  - pkg/runtime/serializer
  - pkg/types
  - pkg/util
  - pkg/util/intstr
  - pkg/util/rand
  - pkg/util/validation
  - pkg/util/runtime
  - pkg/conversion/queryparams
  - pkg/util/errors
  - pkg/util/validation/field
  - pkg/api/v1
  - pkg/apimachinery
  - pkg/apis/authorization
  - pkg/apis/authorization/v1beta1
  - pkg/apis/autoscaling/v1
  - pkg/apis/batch/v1
  - pkg/apis/componentconfig
  - pkg/apis/componentconfig/v1alpha1
  - pkg/apis/extensions/v1beta1
  - pkg/apis/metrics
  - pkg/apis/metrics/v1alpha1
  - pkg/api/validation
  - pkg/client/metrics
  - pkg/client/transport
  - pkg/watch/json
  - third_party/forked/reflect
  - pkg/runtime/serializer/json
  - pkg/runtime/serializer/recognizer
  - pkg/runtime/serializer/versioning
  - pkg/util/integer
  - pkg/util/parsers
  - pkg/kubelet/qos
  - pkg/master/ports
  - pkg/api/endpoints
  - pkg/api/pod
  - pkg/api/service
  - pkg/api/util
  - pkg/capabilities
  - pkg/util/yaml
  - pkg/util/hash
  - pkg/util/net/sets
- name: speter.net/go/exp/math/dec/inf
  version: 42ca6cd68aa922bc3f32f1e056e61b65945d9ad7
  repo: https://github.com/belua/inf
  vcs: git
devImports: []
